// !$*UTF8*$!
{
	archiveVersion = 1;
	classes = {
	};
	objectVersion = 48;
	objects = {

/* Begin PBXBuildFile section */
		8BC4DD95219072AA00EDC2BE /* base_model.Parameters.cpp in Sources */ = {isa = PBXBuildFile; fileRef = 8BC4DD81219072A900EDC2BE /* base_model.Parameters.cpp */; };
		8BC4DD96219072AA00EDC2BE /* probability.cpp in Sources */ = {isa = PBXBuildFile; fileRef = 8BC4DD84219072A900EDC2BE /* probability.cpp */; };
		8BC4DD97219072AA00EDC2BE /* base_model.Deme.cpp in Sources */ = {isa = PBXBuildFile; fileRef = 8BC4DD86219072A900EDC2BE /* base_model.Deme.cpp */; };
		8BC4DD98219072AA00EDC2BE /* base_model.Population.cpp in Sources */ = {isa = PBXBuildFile; fileRef = 8BC4DD89219072A900EDC2BE /* base_model.Population.cpp */; };
		8BC4DD99219072AA00EDC2BE /* misc.cpp in Sources */ = {isa = PBXBuildFile; fileRef = 8BC4DD8A219072A900EDC2BE /* misc.cpp */; };
		8BC4DD9B219072AA00EDC2BE /* base_model.Host.cpp in Sources */ = {isa = PBXBuildFile; fileRef = 8BC4DD8F219072A900EDC2BE /* base_model.Host.cpp */; };
		8BC4DD9C219072AA00EDC2BE /* base_model.Dispatcher.cpp in Sources */ = {isa = PBXBuildFile; fileRef = 8BC4DD91219072A900EDC2BE /* base_model.Dispatcher.cpp */; };
		8BC4DD9D219072AA00EDC2BE /* base_model.Mosquito.cpp in Sources */ = {isa = PBXBuildFile; fileRef = 8BC4DD92219072AA00EDC2BE /* base_model.Mosquito.cpp */; };
		8BC4DD9E219072AA00EDC2BE /* main.cpp in Sources */ = {isa = PBXBuildFile; fileRef = 8BC4DD93219072AA00EDC2BE /* main.cpp */; };
		8BC4DDA12190798C00EDC2BE /* genotype.cpp in Sources */ = {isa = PBXBuildFile; fileRef = 8BC4DD9F2190798C00EDC2BE /* genotype.cpp */; };
/* End PBXBuildFile section */

/* Begin PBXCopyFilesBuildPhase section */
		8BC4DD752190702C00EDC2BE /* CopyFiles */ = {
			isa = PBXCopyFilesBuildPhase;
			buildActionMask = 2147483647;
			dstPath = /usr/share/man/man1/;
			dstSubfolderSpec = 0;
			files = (
			);
			runOnlyForDeploymentPostprocessing = 1;
		};
/* End PBXCopyFilesBuildPhase section */

/* Begin PBXFileReference section */
		8BC4DD772190702C00EDC2BE /* covfefe_executable */ = {isa = PBXFileReference; explicitFileType = "compiled.mach-o.executable"; includeInIndex = 0; path = covfefe_executable; sourceTree = BUILT_PRODUCTS_DIR; };
		8BC4DD81219072A900EDC2BE /* base_model.Parameters.cpp */ = {isa = PBXFileReference; fileEncoding = 4; lastKnownFileType = sourcecode.cpp.cpp; name = base_model.Parameters.cpp; path = ../../base_model.Parameters.cpp; sourceTree = "<group>"; };
		8BC4DD82219072A900EDC2BE /* base_model.Dispatcher.h */ = {isa = PBXFileReference; fileEncoding = 4; lastKnownFileType = sourcecode.c.h; name = base_model.Dispatcher.h; path = ../../base_model.Dispatcher.h; sourceTree = "<group>"; };
		8BC4DD84219072A900EDC2BE /* probability.cpp */ = {isa = PBXFileReference; fileEncoding = 4; lastKnownFileType = sourcecode.cpp.cpp; name = probability.cpp; path = ../../probability.cpp; sourceTree = "<group>"; };
		8BC4DD85219072A900EDC2BE /* base_model.Population.h */ = {isa = PBXFileReference; fileEncoding = 4; lastKnownFileType = sourcecode.c.h; name = base_model.Population.h; path = ../../base_model.Population.h; sourceTree = "<group>"; };
		8BC4DD86219072A900EDC2BE /* base_model.Deme.cpp */ = {isa = PBXFileReference; fileEncoding = 4; lastKnownFileType = sourcecode.cpp.cpp; name = base_model.Deme.cpp; path = ../../base_model.Deme.cpp; sourceTree = "<group>"; };
		8BC4DD87219072A900EDC2BE /* base_model.Host.h */ = {isa = PBXFileReference; fileEncoding = 4; lastKnownFileType = sourcecode.c.h; name = base_model.Host.h; path = ../../base_model.Host.h; sourceTree = "<group>"; };
		8BC4DD88219072A900EDC2BE /* base_model.Mosquito.h */ = {isa = PBXFileReference; fileEncoding = 4; lastKnownFileType = sourcecode.c.h; name = base_model.Mosquito.h; path = ../../base_model.Mosquito.h; sourceTree = "<group>"; };
		8BC4DD89219072A900EDC2BE /* base_model.Population.cpp */ = {isa = PBXFileReference; fileEncoding = 4; lastKnownFileType = sourcecode.cpp.cpp; name = base_model.Population.cpp; path = ../../base_model.Population.cpp; sourceTree = "<group>"; };
		8BC4DD8A219072A900EDC2BE /* misc.cpp */ = {isa = PBXFileReference; fileEncoding = 4; lastKnownFileType = sourcecode.cpp.cpp; name = misc.cpp; path = ../../misc.cpp; sourceTree = "<group>"; };
		8BC4DD8B219072A900EDC2BE /* main.h */ = {isa = PBXFileReference; fileEncoding = 4; lastKnownFileType = sourcecode.c.h; name = main.h; path = ../../main.h; sourceTree = "<group>"; };
		8BC4DD8C219072A900EDC2BE /* misc.h */ = {isa = PBXFileReference; fileEncoding = 4; lastKnownFileType = sourcecode.c.h; name = misc.h; path = ../../misc.h; sourceTree = "<group>"; };
		8BC4DD8D219072A900EDC2BE /* base_model.Deme.h */ = {isa = PBXFileReference; fileEncoding = 4; lastKnownFileType = sourcecode.c.h; name = base_model.Deme.h; path = ../../base_model.Deme.h; sourceTree = "<group>"; };
		8BC4DD8F219072A900EDC2BE /* base_model.Host.cpp */ = {isa = PBXFileReference; fileEncoding = 4; lastKnownFileType = sourcecode.cpp.cpp; name = base_model.Host.cpp; path = ../../base_model.Host.cpp; sourceTree = "<group>"; };
		8BC4DD90219072A900EDC2BE /* base_model.Parameters.h */ = {isa = PBXFileReference; fileEncoding = 4; lastKnownFileType = sourcecode.c.h; name = base_model.Parameters.h; path = ../../base_model.Parameters.h; sourceTree = "<group>"; };
		8BC4DD91219072A900EDC2BE /* base_model.Dispatcher.cpp */ = {isa = PBXFileReference; fileEncoding = 4; lastKnownFileType = sourcecode.cpp.cpp; name = base_model.Dispatcher.cpp; path = ../../base_model.Dispatcher.cpp; sourceTree = "<group>"; };
		8BC4DD92219072AA00EDC2BE /* base_model.Mosquito.cpp */ = {isa = PBXFileReference; fileEncoding = 4; lastKnownFileType = sourcecode.cpp.cpp; name = base_model.Mosquito.cpp; path = ../../base_model.Mosquito.cpp; sourceTree = "<group>"; };
		8BC4DD93219072AA00EDC2BE /* main.cpp */ = {isa = PBXFileReference; fileEncoding = 4; lastKnownFileType = sourcecode.cpp.cpp; name = main.cpp; path = ../../main.cpp; sourceTree = "<group>"; };
		8BC4DD94219072AA00EDC2BE /* probability.h */ = {isa = PBXFileReference; fileEncoding = 4; lastKnownFileType = sourcecode.c.h; name = probability.h; path = ../../probability.h; sourceTree = "<group>"; };
		8BC4DD9F2190798C00EDC2BE /* genotype.cpp */ = {isa = PBXFileReference; fileEncoding = 4; lastKnownFileType = sourcecode.cpp.cpp; name = genotype.cpp; path = ../../genotype.cpp; sourceTree = "<group>"; };
		8BC4DDA02190798C00EDC2BE /* genotype.h */ = {isa = PBXFileReference; fileEncoding = 4; lastKnownFileType = sourcecode.c.h; name = genotype.h; path = ../../genotype.h; sourceTree = "<group>"; };
/* End PBXFileReference section */

/* Begin PBXFrameworksBuildPhase section */
		8BC4DD742190702C00EDC2BE /* Frameworks */ = {
			isa = PBXFrameworksBuildPhase;
			buildActionMask = 2147483647;
			files = (
			);
			runOnlyForDeploymentPostprocessing = 0;
		};
/* End PBXFrameworksBuildPhase section */

/* Begin PBXGroup section */
		8BC4DD6E2190702C00EDC2BE = {
			isa = PBXGroup;
			children = (
				8BC4DD792190702C00EDC2BE /* covfefe_executable */,
				8BC4DD782190702C00EDC2BE /* Products */,
			);
			sourceTree = "<group>";
		};
		8BC4DD782190702C00EDC2BE /* Products */ = {
			isa = PBXGroup;
			children = (
				8BC4DD772190702C00EDC2BE /* covfefe_executable */,
			);
			name = Products;
			sourceTree = "<group>";
		};
		8BC4DD792190702C00EDC2BE /* covfefe_executable */ = {
			isa = PBXGroup;
			children = (
				8BC4DD86219072A900EDC2BE /* base_model.Deme.cpp */,
				8BC4DD8D219072A900EDC2BE /* base_model.Deme.h */,
				8BC4DD91219072A900EDC2BE /* base_model.Dispatcher.cpp */,
				8BC4DD82219072A900EDC2BE /* base_model.Dispatcher.h */,
				8BC4DD8F219072A900EDC2BE /* base_model.Host.cpp */,
				8BC4DD87219072A900EDC2BE /* base_model.Host.h */,
				8BC4DD92219072AA00EDC2BE /* base_model.Mosquito.cpp */,
				8BC4DD88219072A900EDC2BE /* base_model.Mosquito.h */,
				8BC4DD81219072A900EDC2BE /* base_model.Parameters.cpp */,
				8BC4DD90219072A900EDC2BE /* base_model.Parameters.h */,
				8BC4DD89219072A900EDC2BE /* base_model.Population.cpp */,
				8BC4DD85219072A900EDC2BE /* base_model.Population.h */,
				8BC4DD93219072AA00EDC2BE /* main.cpp */,
				8BC4DD8B219072A900EDC2BE /* main.h */,
				8BC4DD9F2190798C00EDC2BE /* genotype.cpp */,
				8BC4DDA02190798C00EDC2BE /* genotype.h */,
				8BC4DD8A219072A900EDC2BE /* misc.cpp */,
				8BC4DD8C219072A900EDC2BE /* misc.h */,
				8BC4DD84219072A900EDC2BE /* probability.cpp */,
				8BC4DD94219072AA00EDC2BE /* probability.h */,
			);
			path = covfefe_executable;
			sourceTree = "<group>";
		};
/* End PBXGroup section */

/* Begin PBXNativeTarget section */
		8BC4DD762190702C00EDC2BE /* covfefe_executable */ = {
			isa = PBXNativeTarget;
			buildConfigurationList = 8BC4DD7E2190702C00EDC2BE /* Build configuration list for PBXNativeTarget "covfefe_executable" */;
			buildPhases = (
				8BC4DD732190702C00EDC2BE /* Sources */,
				8BC4DD742190702C00EDC2BE /* Frameworks */,
				8BC4DD752190702C00EDC2BE /* CopyFiles */,
			);
			buildRules = (
			);
			dependencies = (
			);
			name = covfefe_executable;
			productName = covfefe_executable;
			productReference = 8BC4DD772190702C00EDC2BE /* covfefe_executable */;
			productType = "com.apple.product-type.tool";
		};
/* End PBXNativeTarget section */

/* Begin PBXProject section */
		8BC4DD6F2190702C00EDC2BE /* Project object */ = {
			isa = PBXProject;
			attributes = {
				LastUpgradeCheck = 0920;
				ORGANIZATIONNAME = Bob;
				TargetAttributes = {
					8BC4DD762190702C00EDC2BE = {
						CreatedOnToolsVersion = 9.2;
						ProvisioningStyle = Automatic;
					};
				};
			};
			buildConfigurationList = 8BC4DD722190702C00EDC2BE /* Build configuration list for PBXProject "covfefe_executable" */;
			compatibilityVersion = "Xcode 8.0";
			developmentRegion = en;
			hasScannedForEncodings = 0;
			knownRegions = (
				en,
			);
			mainGroup = 8BC4DD6E2190702C00EDC2BE;
			productRefGroup = 8BC4DD782190702C00EDC2BE /* Products */;
			projectDirPath = "";
			projectRoot = "";
			targets = (
				8BC4DD762190702C00EDC2BE /* covfefe_executable */,
			);
		};
/* End PBXProject section */

/* Begin PBXSourcesBuildPhase section */
		8BC4DD732190702C00EDC2BE /* Sources */ = {
			isa = PBXSourcesBuildPhase;
			buildActionMask = 2147483647;
			files = (
				8BC4DD97219072AA00EDC2BE /* base_model.Deme.cpp in Sources */,
				8BC4DD9D219072AA00EDC2BE /* base_model.Mosquito.cpp in Sources */,
				8BC4DD9E219072AA00EDC2BE /* main.cpp in Sources */,
				8BC4DD9B219072AA00EDC2BE /* base_model.Host.cpp in Sources */,
				8BC4DD95219072AA00EDC2BE /* base_model.Parameters.cpp in Sources */,
				8BC4DD9C219072AA00EDC2BE /* base_model.Dispatcher.cpp in Sources */,
				8BC4DD98219072AA00EDC2BE /* base_model.Population.cpp in Sources */,
				8BC4DD96219072AA00EDC2BE /* probability.cpp in Sources */,
				8BC4DD99219072AA00EDC2BE /* misc.cpp in Sources */,
				8BC4DDA12190798C00EDC2BE /* genotype.cpp in Sources */,
			);
			runOnlyForDeploymentPostprocessing = 0;
		};
/* End PBXSourcesBuildPhase section */

/* Begin XCBuildConfiguration section */
		8BC4DD7C2190702C00EDC2BE /* Debug */ = {
			isa = XCBuildConfiguration;
			buildSettings = {
				ALWAYS_SEARCH_USER_PATHS = NO;
				CLANG_ANALYZER_NONNULL = YES;
				CLANG_ANALYZER_NUMBER_OBJECT_CONVERSION = YES_AGGRESSIVE;
				CLANG_CXX_LANGUAGE_STANDARD = "gnu++14";
				CLANG_CXX_LIBRARY = "libc++";
				CLANG_ENABLE_MODULES = YES;
				CLANG_ENABLE_OBJC_ARC = YES;
				CLANG_WARN_BLOCK_CAPTURE_AUTORELEASING = YES;
				CLANG_WARN_BOOL_CONVERSION = YES;
				CLANG_WARN_COMMA = YES;
				CLANG_WARN_CONSTANT_CONVERSION = YES;
				CLANG_WARN_DIRECT_OBJC_ISA_USAGE = YES_ERROR;
				CLANG_WARN_DOCUMENTATION_COMMENTS = YES;
				CLANG_WARN_EMPTY_BODY = YES;
				CLANG_WARN_ENUM_CONVERSION = YES;
				CLANG_WARN_INFINITE_RECURSION = YES;
				CLANG_WARN_INT_CONVERSION = YES;
				CLANG_WARN_NON_LITERAL_NULL_CONVERSION = YES;
				CLANG_WARN_OBJC_LITERAL_CONVERSION = YES;
				CLANG_WARN_OBJC_ROOT_CLASS = YES_ERROR;
				CLANG_WARN_RANGE_LOOP_ANALYSIS = YES;
				CLANG_WARN_STRICT_PROTOTYPES = YES;
				CLANG_WARN_SUSPICIOUS_MOVE = YES;
				CLANG_WARN_UNGUARDED_AVAILABILITY = YES_AGGRESSIVE;
				CLANG_WARN_UNREACHABLE_CODE = YES;
				CLANG_WARN__DUPLICATE_METHOD_MATCH = YES;
				CODE_SIGN_IDENTITY = "-";
				COPY_PHASE_STRIP = NO;
				DEBUG_INFORMATION_FORMAT = dwarf;
				ENABLE_STRICT_OBJC_MSGSEND = YES;
				ENABLE_TESTABILITY = YES;
				GCC_C_LANGUAGE_STANDARD = gnu11;
				GCC_DYNAMIC_NO_PIC = NO;
				GCC_NO_COMMON_BLOCKS = YES;
				GCC_OPTIMIZATION_LEVEL = 0;
				GCC_PREPROCESSOR_DEFINITIONS = (
					"DEBUG=1",
					"$(inherited)",
				);
				GCC_WARN_64_TO_32_BIT_CONVERSION = YES;
				GCC_WARN_ABOUT_RETURN_TYPE = YES_ERROR;
				GCC_WARN_UNDECLARED_SELECTOR = YES;
				GCC_WARN_UNINITIALIZED_AUTOS = YES_AGGRESSIVE;
				GCC_WARN_UNUSED_FUNCTION = YES;
				GCC_WARN_UNUSED_VARIABLE = YES;
				MACOSX_DEPLOYMENT_TARGET = 10.12;
				MTL_ENABLE_DEBUG_INFO = YES;
				ONLY_ACTIVE_ARCH = YES;
				SDKROOT = macosx;
			};
			name = Debug;
		};
		8BC4DD7D2190702C00EDC2BE /* Release */ = {
			isa = XCBuildConfiguration;
			buildSettings = {
				ALWAYS_SEARCH_USER_PATHS = NO;
				CLANG_ANALYZER_NONNULL = YES;
				CLANG_ANALYZER_NUMBER_OBJECT_CONVERSION = YES_AGGRESSIVE;
				CLANG_CXX_LANGUAGE_STANDARD = "gnu++14";
				CLANG_CXX_LIBRARY = "libc++";
				CLANG_ENABLE_MODULES = YES;
				CLANG_ENABLE_OBJC_ARC = YES;
				CLANG_WARN_BLOCK_CAPTURE_AUTORELEASING = YES;
				CLANG_WARN_BOOL_CONVERSION = YES;
				CLANG_WARN_COMMA = YES;
				CLANG_WARN_CONSTANT_CONVERSION = YES;
				CLANG_WARN_DIRECT_OBJC_ISA_USAGE = YES_ERROR;
				CLANG_WARN_DOCUMENTATION_COMMENTS = YES;
				CLANG_WARN_EMPTY_BODY = YES;
				CLANG_WARN_ENUM_CONVERSION = YES;
				CLANG_WARN_INFINITE_RECURSION = YES;
				CLANG_WARN_INT_CONVERSION = YES;
				CLANG_WARN_NON_LITERAL_NULL_CONVERSION = YES;
				CLANG_WARN_OBJC_LITERAL_CONVERSION = YES;
				CLANG_WARN_OBJC_ROOT_CLASS = YES_ERROR;
				CLANG_WARN_RANGE_LOOP_ANALYSIS = YES;
				CLANG_WARN_STRICT_PROTOTYPES = YES;
				CLANG_WARN_SUSPICIOUS_MOVE = YES;
				CLANG_WARN_UNGUARDED_AVAILABILITY = YES_AGGRESSIVE;
				CLANG_WARN_UNREACHABLE_CODE = YES;
				CLANG_WARN__DUPLICATE_METHOD_MATCH = YES;
				CODE_SIGN_IDENTITY = "-";
				COPY_PHASE_STRIP = NO;
				DEBUG_INFORMATION_FORMAT = "dwarf-with-dsym";
				ENABLE_NS_ASSERTIONS = NO;
				ENABLE_STRICT_OBJC_MSGSEND = YES;
				GCC_C_LANGUAGE_STANDARD = gnu11;
				GCC_NO_COMMON_BLOCKS = YES;
				GCC_WARN_64_TO_32_BIT_CONVERSION = YES;
				GCC_WARN_ABOUT_RETURN_TYPE = YES_ERROR;
				GCC_WARN_UNDECLARED_SELECTOR = YES;
				GCC_WARN_UNINITIALIZED_AUTOS = YES_AGGRESSIVE;
				GCC_WARN_UNUSED_FUNCTION = YES;
				GCC_WARN_UNUSED_VARIABLE = YES;
				MACOSX_DEPLOYMENT_TARGET = 10.12;
				MTL_ENABLE_DEBUG_INFO = NO;
				SDKROOT = macosx;
			};
			name = Release;
		};
		8BC4DD7F2190702C00EDC2BE /* Debug */ = {
			isa = XCBuildConfiguration;
			buildSettings = {
				CODE_SIGN_STYLE = Automatic;
				PRODUCT_NAME = "$(TARGET_NAME)";
			};
			name = Debug;
		};
		8BC4DD802190702C00EDC2BE /* Release */ = {
			isa = XCBuildConfiguration;
			buildSettings = {
				CODE_SIGN_STYLE = Automatic;
				PRODUCT_NAME = "$(TARGET_NAME)";
			};
			name = Release;
		};
/* End XCBuildConfiguration section */

/* Begin XCConfigurationList section */
		8BC4DD722190702C00EDC2BE /* Build configuration list for PBXProject "covfefe_executable" */ = {
			isa = XCConfigurationList;
			buildConfigurations = (
				8BC4DD7C2190702C00EDC2BE /* Debug */,
				8BC4DD7D2190702C00EDC2BE /* Release */,
			);
			defaultConfigurationIsVisible = 0;
			defaultConfigurationName = Release;
		};
		8BC4DD7E2190702C00EDC2BE /* Build configuration list for PBXNativeTarget "covfefe_executable" */ = {
			isa = XCConfigurationList;
			buildConfigurations = (
				8BC4DD7F2190702C00EDC2BE /* Debug */,
				8BC4DD802190702C00EDC2BE /* Release */,
			);
			defaultConfigurationIsVisible = 0;
			defaultConfigurationName = Release;
		};
/* End XCConfigurationList section */
	};
	rootObject = 8BC4DD6F2190702C00EDC2BE /* Project object */;
}
